
Microsoft Visual Studio Solution File, Format Version 12.00
# Visual Studio 15
VisualStudioVersion = 15.0.28307.1800
MinimumVisualStudioVersion = 10.0.40219.1
Project("{FAE04EC0-301F-11D3-BF4B-00C04F79EFBC}") = "Ödev1", "Ödev1\Ödev1.csproj", "{0C4387E8-0094-4965-A2E4-2CA59C6D6B05}"
EndProject
Global
	GlobalSection(SolutionConfigurationPlatforms) = preSolution
		Debug|Any CPU = Debug|Any CPU
		Release|Any CPU = Release|Any CPU
	EndGlobalSection
	GlobalSection(ProjectConfigurationPlatforms) = postSolution
		{0C4387E8-0094-4965-A2E4-2CA59C6D6B05}.Debug|Any CPU.ActiveCfg = Debug|Any CPU
		{0C4387E8-0094-4965-A2E4-2CA59C6D6B05}.Debug|Any CPU.Build.0 = Debug|Any CPU
		{0C4387E8-0094-4965-A2E4-2CA59C6D6B05}.Release|Any CPU.ActiveCfg = Release|Any CPU
		{0C4387E8-0094-4965-A2E4-2CA59C6D6B05}.Release|Any CPU.Build.0 = Release|Any CPU
	EndGlobalSection
	GlobalSection(SolutionProperties) = preSolution
		HideSolutionNode = FALSE
	EndGlobalSection
	GlobalSection(ExtensibilityGlobals) = postSolution
		SolutionGuid = {2A6A6E64-74DC-4606-BE34-D2CA3622B07C}
	EndGlobalSection
EndGlobal
